
Microsoft Visual Studio Solution File, Format Version 12.00
# Visual Studio 15
VisualStudioVersion = 15.0.28307.539
MinimumVisualStudioVersion = 10.0.40219.1
Project("{FAE04EC0-301F-11D3-BF4B-00C04F79EFBC}") = "PayParking", "PayParking\PayParking.csproj", "{63E44BF6-97A2-4E24-A8F2-87E5BF05E0DC}"
EndProject
Project("{FAE04EC0-301F-11D3-BF4B-00C04F79EFBC}") = "PayParkingUnitTests", "UnitTestProject1\PayParkingUnitTests.csproj", "{9658A04A-2BA9-4158-B026-12062DEE501F}"
	ProjectSection(ProjectDependencies) = postProject
		{63E44BF6-97A2-4E24-A8F2-87E5BF05E0DC} = {63E44BF6-97A2-4E24-A8F2-87E5BF05E0DC}
	EndProjectSection
EndProject
Global
	GlobalSection(SolutionConfigurationPlatforms) = preSolution
		Debug|Any CPU = Debug|Any CPU
		Release|Any CPU = Release|Any CPU
	EndGlobalSection
	GlobalSection(ProjectConfigurationPlatforms) = postSolution
		{63E44BF6-97A2-4E24-A8F2-87E5BF05E0DC}.Debug|Any CPU.ActiveCfg = Debug|Any CPU
		{63E44BF6-97A2-4E24-A8F2-87E5BF05E0DC}.Debug|Any CPU.Build.0 = Debug|Any CPU
		{63E44BF6-97A2-4E24-A8F2-87E5BF05E0DC}.Release|Any CPU.ActiveCfg = Release|Any CPU
		{63E44BF6-97A2-4E24-A8F2-87E5BF05E0DC}.Release|Any CPU.Build.0 = Release|Any CPU
		{9658A04A-2BA9-4158-B026-12062DEE501F}.Debug|Any CPU.ActiveCfg = Debug|Any CPU
		{9658A04A-2BA9-4158-B026-12062DEE501F}.Debug|Any CPU.Build.0 = Debug|Any CPU
		{9658A04A-2BA9-4158-B026-12062DEE501F}.Release|Any CPU.ActiveCfg = Release|Any CPU
		{9658A04A-2BA9-4158-B026-12062DEE501F}.Release|Any CPU.Build.0 = Release|Any CPU
	EndGlobalSection
	GlobalSection(SolutionProperties) = preSolution
		HideSolutionNode = FALSE
	EndGlobalSection
	GlobalSection(ExtensibilityGlobals) = postSolution
		SolutionGuid = {F77C8A0C-2E53-4206-AA1A-54321EAAD679}
	EndGlobalSection
EndGlobal
